// !$*UTF8*$!
{
	archiveVersion = 1;
	classes = {
	};
	objectVersion = 48;
	objects = {

/* Begin PBXBuildFile section */
		8586B3D3207DAB88009ECF11 /* AppDelegate.swift in Sources */ = {isa = PBXBuildFile; fileRef = 8586B3D2207DAB88009ECF11 /* AppDelegate.swift */; };
		8586B3D5207DAB88009ECF11 /* ViewController.swift in Sources */ = {isa = PBXBuildFile; fileRef = 8586B3D4207DAB88009ECF11 /* ViewController.swift */; };
		8586B3D8207DAB88009ECF11 /* Main.storyboard in Resources */ = {isa = PBXBuildFile; fileRef = 8586B3D6207DAB88009ECF11 /* Main.storyboard */; };
		8586B3DA207DAB88009ECF11 /* Assets.xcassets in Resources */ = {isa = PBXBuildFile; fileRef = 8586B3D9207DAB88009ECF11 /* Assets.xcassets */; };
		8586B3DD207DAB88009ECF11 /* LaunchScreen.storyboard in Resources */ = {isa = PBXBuildFile; fileRef = 8586B3DB207DAB88009ECF11 /* LaunchScreen.storyboard */; };
/* End PBXBuildFile section */

/* Begin PBXFileReference section */
		8586B3CF207DAB87009ECF11 /* Timer-Digital.app */ = {isa = PBXFileReference; explicitFileType = wrapper.application; includeInIndex = 0; path = "Timer-Digital.app"; sourceTree = BUILT_PRODUCTS_DIR; };
		8586B3D2207DAB88009ECF11 /* AppDelegate.swift */ = {isa = PBXFileReference; lastKnownFileType = sourcecode.swift; path = AppDelegate.swift; sourceTree = "<group>"; };
		8586B3D4207DAB88009ECF11 /* ViewController.swift */ = {isa = PBXFileReference; lastKnownFileType = sourcecode.swift; path = ViewController.swift; sourceTree = "<group>"; };
		8586B3D7207DAB88009ECF11 /* Base */ = {isa = PBXFileReference; lastKnownFileType = file.storyboard; name = Base; path = Base.lproj/Main.storyboard; sourceTree = "<group>"; };
		8586B3D9207DAB88009ECF11 /* Assets.xcassets */ = {isa = PBXFileReference; lastKnownFileType = folder.assetcatalog; path = Assets.xcassets; sourceTree = "<group>"; };
		8586B3DC207DAB88009ECF11 /* Base */ = {isa = PBXFileReference; lastKnownFileType = file.storyboard; name = Base; path = Base.lproj/LaunchScreen.storyboard; sourceTree = "<group>"; };
		8586B3DE207DAB88009ECF11 /* Info.plist */ = {isa = PBXFileReference; lastKnownFileType = text.plist.xml; path = Info.plist; sourceTree = "<group>"; };
/* End PBXFileReference section */

/* Begin PBXFrameworksBuildPhase section */
		8586B3CC207DAB87009ECF11 /* Frameworks */ = {
			isa = PBXFrameworksBuildPhase;
			buildActionMask = 2147483647;
			files = (
			);
			runOnlyForDeploymentPostprocessing = 0;
		};
/* End PBXFrameworksBuildPhase section */

/* Begin PBXGroup section */
		8586B3C6207DAB87009ECF11 = {
			isa = PBXGroup;
			children = (
				8586B3D1207DAB87009ECF11 /* Timer-Digital */,
				8586B3D0207DAB87009ECF11 /* Products */,
			);
			sourceTree = "<group>";
		};
		8586B3D0207DAB87009ECF11 /* Products */ = {
			isa = PBXGroup;
			children = (
				8586B3CF207DAB87009ECF11 /* Timer-Digital.app */,
			);
			name = Products;
			sourceTree = "<group>";
		};
		8586B3D1207DAB87009ECF11 /* Timer-Digital */ = {
			isa = PBXGroup;
			children = (
				8586B3D2207DAB88009ECF11 /* AppDelegate.swift */,
				8586B3D4207DAB88009ECF11 /* ViewController.swift */,
				8586B3D6207DAB88009ECF11 /* Main.storyboard */,
				8586B3D9207DAB88009ECF11 /* Assets.xcassets */,
				8586B3DB207DAB88009ECF11 /* LaunchScreen.storyboard */,
				8586B3DE207DAB88009ECF11 /* Info.plist */,
			);
			path = "Timer-Digital";
			sourceTree = "<group>";
		};
/* End PBXGroup section */

/* Begin PBXNativeTarget section */
		8586B3CE207DAB87009ECF11 /* Timer-Digital */ = {
			isa = PBXNativeTarget;
			buildConfigurationList = 8586B3E1207DAB88009ECF11 /* Build configuration list for PBXNativeTarget "Timer-Digital" */;
			buildPhases = (
				8586B3CB207DAB87009ECF11 /* Sources */,
				8586B3CC207DAB87009ECF11 /* Frameworks */,
				8586B3CD207DAB87009ECF11 /* Resources */,
			);
			buildRules = (
			);
			dependencies = (
			);
			name = "Timer-Digital";
			productName = "Timer-Digital";
			productReference = 8586B3CF207DAB87009ECF11 /* Timer-Digital.app */;
			productType = "com.apple.product-type.application";
		};
/* End PBXNativeTarget section */

/* Begin PBXProject section */
		8586B3C7207DAB87009ECF11 /* Project object */ = {
			isa = PBXProject;
			attributes = {
				LastSwiftUpdateCheck = 0920;
				LastUpgradeCheck = 0920;
				ORGANIZATIONNAME = "김영석";
				TargetAttributes = {
					8586B3CE207DAB87009ECF11 = {
						CreatedOnToolsVersion = 9.2;
						ProvisioningStyle = Automatic;
					};
				};
			};
			buildConfigurationList = 8586B3CA207DAB87009ECF11 /* Build configuration list for PBXProject "Timer-Digital" */;
			compatibilityVersion = "Xcode 8.0";
			developmentRegion = en;
			hasScannedForEncodings = 0;
			knownRegions = (
				en,
				Base,
			);
			mainGroup = 8586B3C6207DAB87009ECF11;
			productRefGroup = 8586B3D0207DAB87009ECF11 /* Products */;
			projectDirPath = "";
			projectRoot = "";
			targets = (
				8586B3CE207DAB87009ECF11 /* Timer-Digital */,
			);
		};
/* End PBXProject section */

/* Begin PBXResourcesBuildPhase section */
		8586B3CD207DAB87009ECF11 /* Resources */ = {
			isa = PBXResourcesBuildPhase;
			buildActionMask = 2147483647;
			files = (
				8586B3DD207DAB88009ECF11 /* LaunchScreen.storyboard in Resources */,
				8586B3DA207DAB88009ECF11 /* Assets.xcassets in Resources */,
				8586B3D8207DAB88009ECF11 /* Main.storyboard in Resources */,
			);
			runOnlyForDeploymentPostprocessing = 0;
		};
/* End PBXResourcesBuildPhase section */

/* Begin PBXSourcesBuildPhase section */
		8586B3CB207DAB87009ECF11 /* Sources */ = {
			isa = PBXSourcesBuildPhase;
			buildActionMask = 2147483647;
			files = (
				8586B3D5207DAB88009ECF11 /* ViewController.swift in Sources */,
				8586B3D3207DAB88009ECF11 /* AppDelegate.swift in Sources */,
			);
			runOnlyForDeploymentPostprocessing = 0;
		};
/* End PBXSourcesBuildPhase section */

/* Begin PBXVariantGroup section */
		8586B3D6207DAB88009ECF11 /* Main.storyboard */ = {
			isa = PBXVariantGroup;
			children = (
				8586B3D7207DAB88009ECF11 /* Base */,
			);
			name = Main.storyboard;
			sourceTree = "<group>";
		};
		8586B3DB207DAB88009ECF11 /* LaunchScreen.storyboard */ = {
			isa = PBXVariantGroup;
			children = (
				8586B3DC207DAB88009ECF11 /* Base */,
			);
			name = LaunchScreen.storyboard;
			sourceTree = "<group>";
		};
/* End PBXVariantGroup section */

/* Begin XCBuildConfiguration section */
		8586B3DF207DAB88009ECF11 /* Debug */ = {
			isa = XCBuildConfiguration;
			buildSettings = {
				ALWAYS_SEARCH_USER_PATHS = NO;
				CLANG_ANALYZER_NONNULL = YES;
				CLANG_ANALYZER_NUMBER_OBJECT_CONVERSION = YES_AGGRESSIVE;
				CLANG_CXX_LANGUAGE_STANDARD = "gnu++14";
				CLANG_CXX_LIBRARY = "libc++";
				CLANG_ENABLE_MODULES = YES;
				CLANG_ENABLE_OBJC_ARC = YES;
				CLANG_WARN_BLOCK_CAPTURE_AUTORELEASING = YES;
				CLANG_WARN_BOOL_CONVERSION = YES;
				CLANG_WARN_COMMA = YES;
				CLANG_WARN_CONSTANT_CONVERSION = YES;
				CLANG_WARN_DIRECT_OBJC_ISA_USAGE = YES_ERROR;
				CLANG_WARN_DOCUMENTATION_COMMENTS = YES;
				CLANG_WARN_EMPTY_BODY = YES;
				CLANG_WARN_ENUM_CONVERSION = YES;
				CLANG_WARN_INFINITE_RECURSION = YES;
				CLANG_WARN_INT_CONVERSION = YES;
				CLANG_WARN_NON_LITERAL_NULL_CONVERSION = YES;
				CLANG_WARN_OBJC_LITERAL_CONVERSION = YES;
				CLANG_WARN_OBJC_ROOT_CLASS = YES_ERROR;
				CLANG_WARN_RANGE_LOOP_ANALYSIS = YES;
				CLANG_WARN_STRICT_PROTOTYPES = YES;
				CLANG_WARN_SUSPICIOUS_MOVE = YES;
				CLANG_WARN_UNGUARDED_AVAILABILITY = YES_AGGRESSIVE;
				CLANG_WARN_UNREACHABLE_CODE = YES;
				CLANG_WARN__DUPLICATE_METHOD_MATCH = YES;
				CODE_SIGN_IDENTITY = "iPhone Developer";
				COPY_PHASE_STRIP = NO;
				DEBUG_INFORMATION_FORMAT = dwarf;
				ENABLE_STRICT_OBJC_MSGSEND = YES;
				ENABLE_TESTABILITY = YES;
				GCC_C_LANGUAGE_STANDARD = gnu11;
				GCC_DYNAMIC_NO_PIC = NO;
				GCC_NO_COMMON_BLOCKS = YES;
				GCC_OPTIMIZATION_LEVEL = 0;
				GCC_PREPROCESSOR_DEFINITIONS = (
					"DEBUG=1",
					"$(inherited)",
				);
				GCC_WARN_64_TO_32_BIT_CONVERSION = YES;
				GCC_WARN_ABOUT_RETURN_TYPE = YES_ERROR;
				GCC_WARN_UNDECLARED_SELECTOR = YES;
				GCC_WARN_UNINITIALIZED_AUTOS = YES_AGGRESSIVE;
				GCC_WARN_UNUSED_FUNCTION = YES;
				GCC_WARN_UNUSED_VARIABLE = YES;
				IPHONEOS_DEPLOYMENT_TARGET = 11.2;
				MTL_ENABLE_DEBUG_INFO = YES;
				ONLY_ACTIVE_ARCH = YES;
				SDKROOT = iphoneos;
				SWIFT_ACTIVE_COMPILATION_CONDITIONS = DEBUG;
				SWIFT_OPTIMIZATION_LEVEL = "-Onone";
			};
			name = Debug;
		};
		8586B3E0207DAB88009ECF11 /* Release */ = {
			isa = XCBuildConfiguration;
			buildSettings = {
				ALWAYS_SEARCH_USER_PATHS = NO;
				CLANG_ANALYZER_NONNULL = YES;
				CLANG_ANALYZER_NUMBER_OBJECT_CONVERSION = YES_AGGRESSIVE;
				CLANG_CXX_LANGUAGE_STANDARD = "gnu++14";
				CLANG_CXX_LIBRARY = "libc++";
				CLANG_ENABLE_MODULES = YES;
				CLANG_ENABLE_OBJC_ARC = YES;
				CLANG_WARN_BLOCK_CAPTURE_AUTORELEASING = YES;
				CLANG_WARN_BOOL_CONVERSION = YES;
				CLANG_WARN_COMMA = YES;
				CLANG_WARN_CONSTANT_CONVERSION = YES;
				CLANG_WARN_DIRECT_OBJC_ISA_USAGE = YES_ERROR;
				CLANG_WARN_DOCUMENTATION_COMMENTS = YES;
				CLANG_WARN_EMPTY_BODY = YES;
				CLANG_WARN_ENUM_CONVERSION = YES;
				CLANG_WARN_INFINITE_RECURSION = YES;
				CLANG_WARN_INT_CONVERSION = YES;
				CLANG_WARN_NON_LITERAL_NULL_CONVERSION = YES;
				CLANG_WARN_OBJC_LITERAL_CONVERSION = YES;
				CLANG_WARN_OBJC_ROOT_CLASS = YES_ERROR;
				CLANG_WARN_RANGE_LOOP_ANALYSIS = YES;
				CLANG_WARN_STRICT_PROTOTYPES = YES;
				CLANG_WARN_SUSPICIOUS_MOVE = YES;
				CLANG_WARN_UNGUARDED_AVAILABILITY = YES_AGGRESSIVE;
				CLANG_WARN_UNREACHABLE_CODE = YES;
				CLANG_WARN__DUPLICATE_METHOD_MATCH = YES;
				CODE_SIGN_IDENTITY = "iPhone Developer";
				COPY_PHASE_STRIP = NO;
				DEBUG_INFORMATION_FORMAT = "dwarf-with-dsym";
				ENABLE_NS_ASSERTIONS = NO;
				ENABLE_STRICT_OBJC_MSGSEND = YES;
				GCC_C_LANGUAGE_STANDARD = gnu11;
				GCC_NO_COMMON_BLOCKS = YES;
				GCC_WARN_64_TO_32_BIT_CONVERSION = YES;
				GCC_WARN_ABOUT_RETURN_TYPE = YES_ERROR;
				GCC_WARN_UNDECLARED_SELECTOR = YES;
				GCC_WARN_UNINITIALIZED_AUTOS = YES_AGGRESSIVE;
				GCC_WARN_UNUSED_FUNCTION = YES;
				GCC_WARN_UNUSED_VARIABLE = YES;
				IPHONEOS_DEPLOYMENT_TARGET = 11.2;
				MTL_ENABLE_DEBUG_INFO = NO;
				SDKROOT = iphoneos;
				SWIFT_OPTIMIZATION_LEVEL = "-Owholemodule";
				VALIDATE_PRODUCT = YES;
			};
			name = Release;
		};
		8586B3E2207DAB88009ECF11 /* Debug */ = {
			isa = XCBuildConfiguration;
			buildSettings = {
				ASSETCATALOG_COMPILER_APPICON_NAME = AppIcon;
				CODE_SIGN_STYLE = Automatic;
				INFOPLIST_FILE = "Timer-Digital/Info.plist";
				LD_RUNPATH_SEARCH_PATHS = "$(inherited) @executable_path/Frameworks";
				PRODUCT_BUNDLE_IDENTIFIER = "dit.ac.kr.Timer-Digital";
				PRODUCT_NAME = "$(TARGET_NAME)";
				SWIFT_VERSION = 4.0;
				TARGETED_DEVICE_FAMILY = "1,2";
			};
			name = Debug;
		};
		8586B3E3207DAB88009ECF11 /* Release */ = {
			isa = XCBuildConfiguration;
			buildSettings = {
				ASSETCATALOG_COMPILER_APPICON_NAME = AppIcon;
				CODE_SIGN_STYLE = Automatic;
				INFOPLIST_FILE = "Timer-Digital/Info.plist";
				LD_RUNPATH_SEARCH_PATHS = "$(inherited) @executable_path/Frameworks";
				PRODUCT_BUNDLE_IDENTIFIER = "dit.ac.kr.Timer-Digital";
				PRODUCT_NAME = "$(TARGET_NAME)";
				SWIFT_VERSION = 4.0;
				TARGETED_DEVICE_FAMILY = "1,2";
			};
			name = Release;
		};
/* End XCBuildConfiguration section */

/* Begin XCConfigurationList section */
		8586B3CA207DAB87009ECF11 /* Build configuration list for PBXProject "Timer-Digital" */ = {
			isa = XCConfigurationList;
			buildConfigurations = (
				8586B3DF207DAB88009ECF11 /* Debug */,
				8586B3E0207DAB88009ECF11 /* Release */,
			);
			defaultConfigurationIsVisible = 0;
			defaultConfigurationName = Release;
		};
		8586B3E1207DAB88009ECF11 /* Build configuration list for PBXNativeTarget "Timer-Digital" */ = {
			isa = XCConfigurationList;
			buildConfigurations = (
				8586B3E2207DAB88009ECF11 /* Debug */,
				8586B3E3207DAB88009ECF11 /* Release */,
			);
			defaultConfigurationIsVisible = 0;
			defaultConfigurationName = Release;
		};
/* End XCConfigurationList section */
	};
	rootObject = 8586B3C7207DAB87009ECF11 /* Project object */;
}
